
Microsoft Visual Studio Solution File, Format Version 12.00
# Visual Studio Version 16
VisualStudioVersion = 16.0.29215.179
MinimumVisualStudioVersion = 10.0.40219.1
Project("{FAE04EC0-301F-11D3-BF4B-00C04F79EFBC}") = "Brew_Stash", "Brew_Stash\Brew_Stash.csproj", "{06398BBC-5A07-4698-82C0-22E202776137}"
EndProject
Global
	GlobalSection(SolutionConfigurationPlatforms) = preSolution
		Debug|Any CPU = Debug|Any CPU
		Release|Any CPU = Release|Any CPU
	EndGlobalSection
	GlobalSection(ProjectConfigurationPlatforms) = postSolution
		{06398BBC-5A07-4698-82C0-22E202776137}.Debug|Any CPU.ActiveCfg = Debug|Any CPU
		{06398BBC-5A07-4698-82C0-22E202776137}.Debug|Any CPU.Build.0 = Debug|Any CPU
		{06398BBC-5A07-4698-82C0-22E202776137}.Debug|Any CPU.Deploy.0 = Debug|Any CPU
		{06398BBC-5A07-4698-82C0-22E202776137}.Release|Any CPU.ActiveCfg = Release|Any CPU
		{06398BBC-5A07-4698-82C0-22E202776137}.Release|Any CPU.Build.0 = Release|Any CPU
		{06398BBC-5A07-4698-82C0-22E202776137}.Release|Any CPU.Deploy.0 = Release|Any CPU
	EndGlobalSection
	GlobalSection(SolutionProperties) = preSolution
		HideSolutionNode = FALSE
	EndGlobalSection
	GlobalSection(ExtensibilityGlobals) = postSolution
		SolutionGuid = {04F58C2D-05D9-4949-9972-C08DFE49984E}
	EndGlobalSection
EndGlobal
